{
  "name": "org.greaterwms.app",
  "version": "1.0.0",
  "lockfileVersion": 2,
  "requires": true,
  "packages": {
    "": {
      "name": "org.greaterwms.app",
      "version": "1.0.0",
      "license": "Apache-2.0",
      "devDependencies": {
        "cordova-plugin-app-version": "^0.1.14",
        "cordova-plugin-battery-status": "^2.0.3",
        "cordova-plugin-device": "^2.1.0",
        "cordova-plugin-dialogs": "^2.0.2",
        "cordova-plugin-insomnia": "^4.3.0",
        "cordova-plugin-splashscreen": "^6.0.1",
        "cordova-plugin-vibration": "^3.1.1",
        "cordova-plugin-whitelist": "^1.3.4"
      }
    },
    "node_modules/cordova-plugin-app-version": {
      "version": "0.1.14",
      "resolved": "https://registry.npmjs.org/cordova-plugin-app-version/-/cordova-plugin-app-version-0.1.14.tgz",
      "integrity": "sha512-HN6Yz6IIdRO+iMvCHN/qMe8/O4miOpHH/pDtWNjIYTjV3MzP+XdzFJoFnq2zxlNNXFz0Zn8REGQhFY77vV4AWQ==",
      "dev": true
    },
    "node_modules/cordova-plugin-battery-status": {
      "version": "2.0.3",
      "resolved": "https://registry.npmjs.org/cordova-plugin-battery-status/-/cordova-plugin-battery-status-2.0.3.tgz",
      "integrity": "sha512-H1vSLWbDb/qivGPVV/sjAaDnF8VEoa1uOYdrTJpYrs9vRAe3S37y8Fa5LoBuKkspWiQ5P3D8q+iTnsPF0UAO7g==",
      "dev": true,
      "engines": {
        "cordovaDependencies": {
          "3.0.0": {
            "cordova": ">100"
          }
        }
      }
    },
    "node_modules/cordova-plugin-device": {
      "version": "2.1.0",
      "resolved": "https://registry.npmjs.org/cordova-plugin-device/-/cordova-plugin-device-2.1.0.tgz",
      "integrity": "sha512-FU0Lw1jZpuKOgG4v80LrfMAOIMCGfAVPumn7AwaX9S1iU/X3OPZUyoKUgP09q4bxL35IeNPkqNWVKYduAXZ1sg==",
      "dev": true,
      "engines": {
        "cordovaDependencies": {
          "3.0.0": {
            "cordova": ">100",
            "cordova-electron": ">=3.0.0"
          }
        }
      }
    },
    "node_modules/cordova-plugin-dialogs": {
      "version": "2.0.2",
      "resolved": "https://registry.npmjs.org/cordova-plugin-dialogs/-/cordova-plugin-dialogs-2.0.2.tgz",
      "integrity": "sha512-FUHI6eEVeoz2VkxbF0P56QlUQLGzXcvw3i4xuXyM9gEct6Y+FA3Xzgl2pJTZcTg5wRqLWzN08kgNoHPkom15pw==",
      "dev": true,
      "engines": {
        "cordovaDependencies": {
          "3.0.0": {
            "cordova": ">100"
          }
        }
      }
    },
    "node_modules/cordova-plugin-insomnia": {
      "version": "4.3.0",
      "resolved": "https://registry.npmjs.org/cordova-plugin-insomnia/-/cordova-plugin-insomnia-4.3.0.tgz",
      "integrity": "sha512-MdlRFsyfmf6Q/8+npDeVSTo487eyrp7vbuGO3SPbnqR94DXmFRJWLbZGwf34dMeH6GQL45baxozUwhLTPxrQwg==",
      "dev": true,
      "engines": [
        {
          "name": "cordova",
          "version": ">=3.0.0"
        }
      ]
    },
    "node_modules/cordova-plugin-splashscreen": {
      "version": "6.0.1",
      "resolved": "https://registry.npmjs.org/cordova-plugin-splashscreen/-/cordova-plugin-splashscreen-6.0.1.tgz",
      "integrity": "sha512-olJPBFRUuzunzeuB76TOBoq3yYlnhpWDk/S7ErR6MdqPz1KuK36omB9u4o//SdgfBbxHz+SsUtyvst68NrU3pA==",
      "dev": true,
      "engines": {
        "cordovaDependencies": {
          ">=4.0.0": {
            "cordova-android": ">=3.6.0",
            "cordova-windows": ">=4.4.0"
          },
          "2.0.0": {
            "cordova-android": ">=3.6.0"
          },
          "7.0.0": {
            "cordova": ">100"
          }
        }
      }
    },
    "node_modules/cordova-plugin-vibration": {
      "version": "3.1.1",
      "resolved": "https://registry.npmjs.org/cordova-plugin-vibration/-/cordova-plugin-vibration-3.1.1.tgz",
      "integrity": "sha512-qgv67Rueo4Pydfant3TwnXeFiN9dl+6lKMM6h5jYg9XewiGAGOr8vfWsTvQssC3m3xMKGS1ap3xPNH+BzZ4RMA==",
      "dev": true,
      "engines": {
        "cordovaDependencies": {
          "4.0.0": {
            "cordova": ">100"
          }
        }
      }
    },
    "node_modules/cordova-plugin-whitelist": {
      "version": "1.3.5",
      "resolved": "https://registry.npmjs.org/cordova-plugin-whitelist/-/cordova-plugin-whitelist-1.3.5.tgz",
      "integrity": "sha512-+v/VzCYBdGsIxJTP2m+RWaq7l/NLu7b976w6XGJUFiN2TVOeaGrytaR4jRy0w9akRai8uKFeBmuGHmlS/sOeCA==",
      "dev": true,
      "engines": {
        "cordovaDependencies": {
          "0.0.0": {
            "cordova-android": ">=4.0.0"
          },
          "1.3.5": {
            "cordova-android": ">=4.0.0 <10.0.0"
          }
        }
      }
    }
  },
  "dependencies": {
    "cordova-plugin-app-version": {
      "version": "0.1.14",
      "resolved": "https://registry.npmjs.org/cordova-plugin-app-version/-/cordova-plugin-app-version-0.1.14.tgz",
      "integrity": "sha512-HN6Yz6IIdRO+iMvCHN/qMe8/O4miOpHH/pDtWNjIYTjV3MzP+XdzFJoFnq2zxlNNXFz0Zn8REGQhFY77vV4AWQ==",
      "dev": true
    },
    "cordova-plugin-battery-status": {
      "version": "2.0.3",
      "resolved": "https://registry.npmjs.org/cordova-plugin-battery-status/-/cordova-plugin-battery-status-2.0.3.tgz",
      "integrity": "sha512-H1vSLWbDb/qivGPVV/sjAaDnF8VEoa1uOYdrTJpYrs9vRAe3S37y8Fa5LoBuKkspWiQ5P3D8q+iTnsPF0UAO7g==",
      "dev": true
    },
    "cordova-plugin-device": {
      "version": "2.1.0",
      "resolved": "https://registry.npmjs.org/cordova-plugin-device/-/cordova-plugin-device-2.1.0.tgz",
      "integrity": "sha512-FU0Lw1jZpuKOgG4v80LrfMAOIMCGfAVPumn7AwaX9S1iU/X3OPZUyoKUgP09q4bxL35IeNPkqNWVKYduAXZ1sg==",
      "dev": true
    },
    "cordova-plugin-dialogs": {
      "version": "2.0.2",
      "resolved": "https://registry.npmjs.org/cordova-plugin-dialogs/-/cordova-plugin-dialogs-2.0.2.tgz",
      "integrity": "sha512-FUHI6eEVeoz2VkxbF0P56QlUQLGzXcvw3i4xuXyM9gEct6Y+FA3Xzgl2pJTZcTg5wRqLWzN08kgNoHPkom15pw==",
      "dev": true
    },
    "cordova-plugin-insomnia": {
      "version": "4.3.0",
      "resolved": "https://registry.npmjs.org/cordova-plugin-insomnia/-/cordova-plugin-insomnia-4.3.0.tgz",
      "integrity": "sha512-MdlRFsyfmf6Q/8+npDeVSTo487eyrp7vbuGO3SPbnqR94DXmFRJWLbZGwf34dMeH6GQL45baxozUwhLTPxrQwg==",
      "dev": true
    },
    "cordova-plugin-splashscreen": {
      "version": "6.0.1",
      "resolved": "https://registry.npmjs.org/cordova-plugin-splashscreen/-/cordova-plugin-splashscreen-6.0.1.tgz",
      "integrity": "sha512-olJPBFRUuzunzeuB76TOBoq3yYlnhpWDk/S7ErR6MdqPz1KuK36omB9u4o//SdgfBbxHz+SsUtyvst68NrU3pA==",
      "dev": true
    },
    "cordova-plugin-vibration": {
      "version": "3.1.1",
      "resolved": "https://registry.npmjs.org/cordova-plugin-vibration/-/cordova-plugin-vibration-3.1.1.tgz",
      "integrity": "sha512-qgv67Rueo4Pydfant3TwnXeFiN9dl+6lKMM6h5jYg9XewiGAGOr8vfWsTvQssC3m3xMKGS1ap3xPNH+BzZ4RMA==",
      "dev": true
    },
    "cordova-plugin-whitelist": {
      "version": "1.3.5",
      "resolved": "https://registry.npmjs.org/cordova-plugin-whitelist/-/cordova-plugin-whitelist-1.3.5.tgz",
      "integrity": "sha512-+v/VzCYBdGsIxJTP2m+RWaq7l/NLu7b976w6XGJUFiN2TVOeaGrytaR4jRy0w9akRai8uKFeBmuGHmlS/sOeCA==",
      "dev": true
    }
  }
}
